
Microsoft Visual Studio Solution File, Format Version 12.00
# Visual Studio Version 16
VisualStudioVersion = 16.0.32106.194
MinimumVisualStudioVersion = 10.0.40219.1
Project("{8BC9CEB8-8B4A-11D0-8D11-00A0C91BC942}") = "debugTester", "debugTester\debugTester.vcxproj", "{CBBAE640-8DAA-4D1A-A5C2-736870F70005}"
EndProject
Global
	GlobalSection(SolutionConfigurationPlatforms) = preSolution
		Debug|x64 = Debug|x64
		Debug|x86 = Debug|x86
		Release|x64 = Release|x64
		Release|x86 = Release|x86
	EndGlobalSection
	GlobalSection(ProjectConfigurationPlatforms) = postSolution
		{CBBAE640-8DAA-4D1A-A5C2-736870F70005}.Debug|x64.ActiveCfg = Debug|x64
		{CBBAE640-8DAA-4D1A-A5C2-736870F70005}.Debug|x64.Build.0 = Debug|x64
		{CBBAE640-8DAA-4D1A-A5C2-736870F70005}.Debug|x86.ActiveCfg = Debug|Win32
		{CBBAE640-8DAA-4D1A-A5C2-736870F70005}.Debug|x86.Build.0 = Debug|Win32
		{CBBAE640-8DAA-4D1A-A5C2-736870F70005}.Release|x64.ActiveCfg = Release|x64
		{CBBAE640-8DAA-4D1A-A5C2-736870F70005}.Release|x64.Build.0 = Release|x64
		{CBBAE640-8DAA-4D1A-A5C2-736870F70005}.Release|x86.ActiveCfg = Release|Win32
		{CBBAE640-8DAA-4D1A-A5C2-736870F70005}.Release|x86.Build.0 = Release|Win32
	EndGlobalSection
	GlobalSection(SolutionProperties) = preSolution
		HideSolutionNode = FALSE
	EndGlobalSection
	GlobalSection(ExtensibilityGlobals) = postSolution
		SolutionGuid = {22DBA768-523F-4A68-B0FF-76C4B270F05F}
	EndGlobalSection
EndGlobal
